
Microsoft Visual Studio Solution File, Format Version 12.00
# Visual Studio Version 17
VisualStudioVersion = 17.2.32630.192
MinimumVisualStudioVersion = 10.0.40219.1
Project("{9A19103F-16F7-4668-BE54-9A1E7A4F7556}") = "Core", "Core\Core.csproj", "{5FDD21F7-52B5-46EC-9054-2F99533F88D8}"
EndProject
Project("{9A19103F-16F7-4668-BE54-9A1E7A4F7556}") = "Tests", "Tests\Tests.csproj", "{C06939BB-9870-461B-943A-31D98CE4BD99}"
EndProject
Project("{9A19103F-16F7-4668-BE54-9A1E7A4F7556}") = "Core.Tests", "Core.Tests\Core.Tests.csproj", "{3595926B-42C0-48DC-93F1-4703E55B7CAD}"
EndProject
Project("{9A19103F-16F7-4668-BE54-9A1E7A4F7556}") = "Packaging", "Packaging\Packaging.csproj", "{7916A72F-5D7D-4E43-B7E1-DBB96483E533}"
EndProject
Project("{9A19103F-16F7-4668-BE54-9A1E7A4F7556}") = "Packaging.Tests", "Packaging.Tests\Packaging.Tests.csproj", "{B1CEBF3D-D1AA-4D15-A565-48295F6A8104}"
EndProject
Global
	GlobalSection(SolutionConfigurationPlatforms) = preSolution
		Debug|Any CPU = Debug|Any CPU
		Release|Any CPU = Release|Any CPU
	EndGlobalSection
	GlobalSection(ProjectConfigurationPlatforms) = postSolution
		{5FDD21F7-52B5-46EC-9054-2F99533F88D8}.Debug|Any CPU.ActiveCfg = Debug|Any CPU
		{5FDD21F7-52B5-46EC-9054-2F99533F88D8}.Debug|Any CPU.Build.0 = Debug|Any CPU
		{5FDD21F7-52B5-46EC-9054-2F99533F88D8}.Release|Any CPU.ActiveCfg = Release|Any CPU
		{5FDD21F7-52B5-46EC-9054-2F99533F88D8}.Release|Any CPU.Build.0 = Release|Any CPU
		{C06939BB-9870-461B-943A-31D98CE4BD99}.Debug|Any CPU.ActiveCfg = Debug|Any CPU
		{C06939BB-9870-461B-943A-31D98CE4BD99}.Debug|Any CPU.Build.0 = Debug|Any CPU
		{C06939BB-9870-461B-943A-31D98CE4BD99}.Release|Any CPU.ActiveCfg = Release|Any CPU
		{C06939BB-9870-461B-943A-31D98CE4BD99}.Release|Any CPU.Build.0 = Release|Any CPU
		{3595926B-42C0-48DC-93F1-4703E55B7CAD}.Debug|Any CPU.ActiveCfg = Debug|Any CPU
		{3595926B-42C0-48DC-93F1-4703E55B7CAD}.Debug|Any CPU.Build.0 = Debug|Any CPU
		{3595926B-42C0-48DC-93F1-4703E55B7CAD}.Release|Any CPU.ActiveCfg = Release|Any CPU
		{3595926B-42C0-48DC-93F1-4703E55B7CAD}.Release|Any CPU.Build.0 = Release|Any CPU
		{7916A72F-5D7D-4E43-B7E1-DBB96483E533}.Debug|Any CPU.ActiveCfg = Debug|Any CPU
		{7916A72F-5D7D-4E43-B7E1-DBB96483E533}.Debug|Any CPU.Build.0 = Debug|Any CPU
		{7916A72F-5D7D-4E43-B7E1-DBB96483E533}.Release|Any CPU.ActiveCfg = Release|Any CPU
		{7916A72F-5D7D-4E43-B7E1-DBB96483E533}.Release|Any CPU.Build.0 = Release|Any CPU
		{B1CEBF3D-D1AA-4D15-A565-48295F6A8104}.Debug|Any CPU.ActiveCfg = Debug|Any CPU
		{B1CEBF3D-D1AA-4D15-A565-48295F6A8104}.Debug|Any CPU.Build.0 = Debug|Any CPU
		{B1CEBF3D-D1AA-4D15-A565-48295F6A8104}.Release|Any CPU.ActiveCfg = Release|Any CPU
		{B1CEBF3D-D1AA-4D15-A565-48295F6A8104}.Release|Any CPU.Build.0 = Release|Any CPU
	EndGlobalSection
	GlobalSection(SolutionProperties) = preSolution
		HideSolutionNode = FALSE
	EndGlobalSection
	GlobalSection(ExtensibilityGlobals) = postSolution
		SolutionGuid = {FEEB2D0F-6FB5-4458-B14A-DC959A8F470B}
	EndGlobalSection
EndGlobal
