
Microsoft Visual Studio Solution File, Format Version 12.00
# Visual Studio Version 16
VisualStudioVersion = 16.0.31702.278
MinimumVisualStudioVersion = 10.0.40219.1
Project("{9A19103F-16F7-4668-BE54-9A1E7A4F7556}") = "Core", "Core\Core.csproj", "{5FDD21F7-52B5-46EC-9054-2F99533F88D8}"
EndProject
Project("{9A19103F-16F7-4668-BE54-9A1E7A4F7556}") = "Tests", "Tests\Tests.csproj", "{C06939BB-9870-461B-943A-31D98CE4BD99}"
EndProject
Project("{FAE04EC0-301F-11D3-BF4B-00C04F79EFBC}") = "Core.Tests", "Core.Tests\Core.Tests.csproj", "{3595926B-42C0-48DC-93F1-4703E55B7CAD}"
EndProject
Global
	GlobalSection(SolutionConfigurationPlatforms) = preSolution
		Debug|Any CPU = Debug|Any CPU
		Release|Any CPU = Release|Any CPU
	EndGlobalSection
	GlobalSection(ProjectConfigurationPlatforms) = postSolution
		{5FDD21F7-52B5-46EC-9054-2F99533F88D8}.Debug|Any CPU.ActiveCfg = Debug|Any CPU
		{5FDD21F7-52B5-46EC-9054-2F99533F88D8}.Debug|Any CPU.Build.0 = Debug|Any CPU
		{5FDD21F7-52B5-46EC-9054-2F99533F88D8}.Release|Any CPU.ActiveCfg = Release|Any CPU
		{5FDD21F7-52B5-46EC-9054-2F99533F88D8}.Release|Any CPU.Build.0 = Release|Any CPU
		{C06939BB-9870-461B-943A-31D98CE4BD99}.Debug|Any CPU.ActiveCfg = Debug|Any CPU
		{C06939BB-9870-461B-943A-31D98CE4BD99}.Debug|Any CPU.Build.0 = Debug|Any CPU
		{C06939BB-9870-461B-943A-31D98CE4BD99}.Release|Any CPU.ActiveCfg = Release|Any CPU
		{C06939BB-9870-461B-943A-31D98CE4BD99}.Release|Any CPU.Build.0 = Release|Any CPU
		{3595926B-42C0-48DC-93F1-4703E55B7CAD}.Debug|Any CPU.ActiveCfg = Debug|Any CPU
		{3595926B-42C0-48DC-93F1-4703E55B7CAD}.Debug|Any CPU.Build.0 = Debug|Any CPU
		{3595926B-42C0-48DC-93F1-4703E55B7CAD}.Release|Any CPU.ActiveCfg = Release|Any CPU
		{3595926B-42C0-48DC-93F1-4703E55B7CAD}.Release|Any CPU.Build.0 = Release|Any CPU
	EndGlobalSection
	GlobalSection(SolutionProperties) = preSolution
		HideSolutionNode = FALSE
	EndGlobalSection
	GlobalSection(ExtensibilityGlobals) = postSolution
		SolutionGuid = {FEEB2D0F-6FB5-4458-B14A-DC959A8F470B}
	EndGlobalSection
EndGlobal
