
Microsoft Visual Studio Solution File, Format Version 12.00
# Visual Studio Version 16
VisualStudioVersion = 16.0.31702.278
MinimumVisualStudioVersion = 10.0.40219.1
Project("{FAE04EC0-301F-11D3-BF4B-00C04F79EFBC}") = "AppSuiteBase", "AppSuiteBase\AppSuiteBase.csproj", "{5FDD21F7-52B5-46EC-9054-2F99533F88D8}"
EndProject
Global
	GlobalSection(SolutionConfigurationPlatforms) = preSolution
		Debug|Any CPU = Debug|Any CPU
		Release|Any CPU = Release|Any CPU
	EndGlobalSection
	GlobalSection(ProjectConfigurationPlatforms) = postSolution
		{5FDD21F7-52B5-46EC-9054-2F99533F88D8}.Debug|Any CPU.ActiveCfg = Debug|Any CPU
		{5FDD21F7-52B5-46EC-9054-2F99533F88D8}.Debug|Any CPU.Build.0 = Debug|Any CPU
		{5FDD21F7-52B5-46EC-9054-2F99533F88D8}.Release|Any CPU.ActiveCfg = Release|Any CPU
		{5FDD21F7-52B5-46EC-9054-2F99533F88D8}.Release|Any CPU.Build.0 = Release|Any CPU
	EndGlobalSection
	GlobalSection(SolutionProperties) = preSolution
		HideSolutionNode = FALSE
	EndGlobalSection
	GlobalSection(ExtensibilityGlobals) = postSolution
		SolutionGuid = {FEEB2D0F-6FB5-4458-B14A-DC959A8F470B}
	EndGlobalSection
EndGlobal
